// !$*UTF8*$!
{
	archiveVersion = 1;
	classes = {
	};
	objectVersion = 50;
	objects = {

/* Begin PBXBuildFile section */
		366D2E92273924F600702287 /* AppDelegate.swift in Sources */ = {isa = PBXBuildFile; fileRef = 366D2E91273924F600702287 /* AppDelegate.swift */; };
		366D2E9B273924FC00702287 /* Assets.xcassets in Resources */ = {isa = PBXBuildFile; fileRef = 366D2E9A273924FC00702287 /* Assets.xcassets */; };
		366D2E9E273924FC00702287 /* LaunchScreen.storyboard in Resources */ = {isa = PBXBuildFile; fileRef = 366D2E9C273924FC00702287 /* LaunchScreen.storyboard */; };
		366D2F12273926AB00702287 /* UIView+Extension.swift in Sources */ = {isa = PBXBuildFile; fileRef = 366D2F11273926AB00702287 /* UIView+Extension.swift */; };
		366D2F15273926DC00702287 /* XJHeartViewController.swift in Sources */ = {isa = PBXBuildFile; fileRef = 366D2F14273926DC00702287 /* XJHeartViewController.swift */; };
		366D2F18273926F000702287 /* XJHeartView.swift in Sources */ = {isa = PBXBuildFile; fileRef = 366D2F17273926F000702287 /* XJHeartView.swift */; };
		366D2F222739287D00702287 /* XJHeartViewController+Lighting.swift in Sources */ = {isa = PBXBuildFile; fileRef = 366D2F212739287D00702287 /* XJHeartViewController+Lighting.swift */; };
		366D2F252739292600702287 /* XJHeartViewController+Mode.swift in Sources */ = {isa = PBXBuildFile; fileRef = 366D2F242739292600702287 /* XJHeartViewController+Mode.swift */; };
/* End PBXBuildFile section */

/* Begin PBXFileReference section */
		366D2E8E273924F600702287 /* XJHeartLighting.app */ = {isa = PBXFileReference; explicitFileType = wrapper.application; includeInIndex = 0; path = XJHeartLighting.app; sourceTree = BUILT_PRODUCTS_DIR; };
		366D2E91273924F600702287 /* AppDelegate.swift */ = {isa = PBXFileReference; lastKnownFileType = sourcecode.swift; path = AppDelegate.swift; sourceTree = "<group>"; };
		366D2E9A273924FC00702287 /* Assets.xcassets */ = {isa = PBXFileReference; lastKnownFileType = folder.assetcatalog; path = Assets.xcassets; sourceTree = "<group>"; };
		366D2E9D273924FC00702287 /* Base */ = {isa = PBXFileReference; lastKnownFileType = file.storyboard; name = Base; path = Base.lproj/LaunchScreen.storyboard; sourceTree = "<group>"; };
		366D2E9F273924FC00702287 /* Info.plist */ = {isa = PBXFileReference; lastKnownFileType = text.plist.xml; path = Info.plist; sourceTree = "<group>"; };
		366D2F11273926AB00702287 /* UIView+Extension.swift */ = {isa = PBXFileReference; fileEncoding = 4; lastKnownFileType = sourcecode.swift; path = "UIView+Extension.swift"; sourceTree = "<group>"; };
		366D2F14273926DC00702287 /* XJHeartViewController.swift */ = {isa = PBXFileReference; fileEncoding = 4; lastKnownFileType = sourcecode.swift; path = XJHeartViewController.swift; sourceTree = "<group>"; };
		366D2F17273926F000702287 /* XJHeartView.swift */ = {isa = PBXFileReference; fileEncoding = 4; lastKnownFileType = sourcecode.swift; path = XJHeartView.swift; sourceTree = "<group>"; };
		366D2F212739287D00702287 /* XJHeartViewController+Lighting.swift */ = {isa = PBXFileReference; lastKnownFileType = sourcecode.swift; path = "XJHeartViewController+Lighting.swift"; sourceTree = "<group>"; };
		366D2F242739292600702287 /* XJHeartViewController+Mode.swift */ = {isa = PBXFileReference; lastKnownFileType = sourcecode.swift; path = "XJHeartViewController+Mode.swift"; sourceTree = "<group>"; };
/* End PBXFileReference section */

/* Begin PBXFrameworksBuildPhase section */
		366D2E8B273924F600702287 /* Frameworks */ = {
			isa = PBXFrameworksBuildPhase;
			buildActionMask = 2147483647;
			files = (
			);
			runOnlyForDeploymentPostprocessing = 0;
		};
/* End PBXFrameworksBuildPhase section */

/* Begin PBXGroup section */
		366D2E85273924F600702287 = {
			isa = PBXGroup;
			children = (
				366D2E90273924F600702287 /* XJHeartLighting */,
				366D2E8F273924F600702287 /* Products */,
			);
			sourceTree = "<group>";
		};
		366D2E8F273924F600702287 /* Products */ = {
			isa = PBXGroup;
			children = (
				366D2E8E273924F600702287 /* XJHeartLighting.app */,
			);
			name = Products;
			sourceTree = "<group>";
		};
		366D2E90273924F600702287 /* XJHeartLighting */ = {
			isa = PBXGroup;
			children = (
				366D2E91273924F600702287 /* AppDelegate.swift */,
				366D2F11273926AB00702287 /* UIView+Extension.swift */,
				366D2F14273926DC00702287 /* XJHeartViewController.swift */,
				366D2F212739287D00702287 /* XJHeartViewController+Lighting.swift */,
				366D2F242739292600702287 /* XJHeartViewController+Mode.swift */,
				366D2F17273926F000702287 /* XJHeartView.swift */,
				366D2E9A273924FC00702287 /* Assets.xcassets */,
				366D2E9C273924FC00702287 /* LaunchScreen.storyboard */,
				366D2E9F273924FC00702287 /* Info.plist */,
			);
			path = XJHeartLighting;
			sourceTree = "<group>";
		};
/* End PBXGroup section */

/* Begin PBXNativeTarget section */
		366D2E8D273924F600702287 /* XJHeartLighting */ = {
			isa = PBXNativeTarget;
			buildConfigurationList = 366D2EA2273924FC00702287 /* Build configuration list for PBXNativeTarget "XJHeartLighting" */;
			buildPhases = (
				366D2E8A273924F600702287 /* Sources */,
				366D2E8B273924F600702287 /* Frameworks */,
				366D2E8C273924F600702287 /* Resources */,
			);
			buildRules = (
			);
			dependencies = (
			);
			name = XJHeartLighting;
			productName = XJHeartLighting;
			productReference = 366D2E8E273924F600702287 /* XJHeartLighting.app */;
			productType = "com.apple.product-type.application";
		};
/* End PBXNativeTarget section */

/* Begin PBXProject section */
		366D2E86273924F600702287 /* Project object */ = {
			isa = PBXProject;
			attributes = {
				LastSwiftUpdateCheck = 1210;
				LastUpgradeCheck = 1210;
				TargetAttributes = {
					366D2E8D273924F600702287 = {
						CreatedOnToolsVersion = 12.1;
					};
				};
			};
			buildConfigurationList = 366D2E89273924F600702287 /* Build configuration list for PBXProject "XJHeartLighting" */;
			compatibilityVersion = "Xcode 9.3";
			developmentRegion = en;
			hasScannedForEncodings = 0;
			knownRegions = (
				en,
				Base,
			);
			mainGroup = 366D2E85273924F600702287;
			productRefGroup = 366D2E8F273924F600702287 /* Products */;
			projectDirPath = "";
			projectRoot = "";
			targets = (
				366D2E8D273924F600702287 /* XJHeartLighting */,
			);
		};
/* End PBXProject section */

/* Begin PBXResourcesBuildPhase section */
		366D2E8C273924F600702287 /* Resources */ = {
			isa = PBXResourcesBuildPhase;
			buildActionMask = 2147483647;
			files = (
				366D2E9E273924FC00702287 /* LaunchScreen.storyboard in Resources */,
				366D2E9B273924FC00702287 /* Assets.xcassets in Resources */,
			);
			runOnlyForDeploymentPostprocessing = 0;
		};
/* End PBXResourcesBuildPhase section */

/* Begin PBXSourcesBuildPhase section */
		366D2E8A273924F600702287 /* Sources */ = {
			isa = PBXSourcesBuildPhase;
			buildActionMask = 2147483647;
			files = (
				366D2F252739292600702287 /* XJHeartViewController+Mode.swift in Sources */,
				366D2F12273926AB00702287 /* UIView+Extension.swift in Sources */,
				366D2F18273926F000702287 /* XJHeartView.swift in Sources */,
				366D2F222739287D00702287 /* XJHeartViewController+Lighting.swift in Sources */,
				366D2E92273924F600702287 /* AppDelegate.swift in Sources */,
				366D2F15273926DC00702287 /* XJHeartViewController.swift in Sources */,
			);
			runOnlyForDeploymentPostprocessing = 0;
		};
/* End PBXSourcesBuildPhase section */

/* Begin PBXVariantGroup section */
		366D2E9C273924FC00702287 /* LaunchScreen.storyboard */ = {
			isa = PBXVariantGroup;
			children = (
				366D2E9D273924FC00702287 /* Base */,
			);
			name = LaunchScreen.storyboard;
			sourceTree = "<group>";
		};
/* End PBXVariantGroup section */

/* Begin XCBuildConfiguration section */
		366D2EA0273924FC00702287 /* Debug */ = {
			isa = XCBuildConfiguration;
			buildSettings = {
				ALWAYS_SEARCH_USER_PATHS = NO;
				CLANG_ANALYZER_NONNULL = YES;
				CLANG_ANALYZER_NUMBER_OBJECT_CONVERSION = YES_AGGRESSIVE;
				CLANG_CXX_LANGUAGE_STANDARD = "gnu++14";
				CLANG_CXX_LIBRARY = "libc++";
				CLANG_ENABLE_MODULES = YES;
				CLANG_ENABLE_OBJC_ARC = YES;
				CLANG_ENABLE_OBJC_WEAK = YES;
				CLANG_WARN_BLOCK_CAPTURE_AUTORELEASING = YES;
				CLANG_WARN_BOOL_CONVERSION = YES;
				CLANG_WARN_COMMA = YES;
				CLANG_WARN_CONSTANT_CONVERSION = YES;
				CLANG_WARN_DEPRECATED_OBJC_IMPLEMENTATIONS = YES;
				CLANG_WARN_DIRECT_OBJC_ISA_USAGE = YES_ERROR;
				CLANG_WARN_DOCUMENTATION_COMMENTS = YES;
				CLANG_WARN_EMPTY_BODY = YES;
				CLANG_WARN_ENUM_CONVERSION = YES;
				CLANG_WARN_INFINITE_RECURSION = YES;
				CLANG_WARN_INT_CONVERSION = YES;
				CLANG_WARN_NON_LITERAL_NULL_CONVERSION = YES;
				CLANG_WARN_OBJC_IMPLICIT_RETAIN_SELF = YES;
				CLANG_WARN_OBJC_LITERAL_CONVERSION = YES;
				CLANG_WARN_OBJC_ROOT_CLASS = YES_ERROR;
				CLANG_WARN_QUOTED_INCLUDE_IN_FRAMEWORK_HEADER = YES;
				CLANG_WARN_RANGE_LOOP_ANALYSIS = YES;
				CLANG_WARN_STRICT_PROTOTYPES = YES;
				CLANG_WARN_SUSPICIOUS_MOVE = YES;
				CLANG_WARN_UNGUARDED_AVAILABILITY = YES_AGGRESSIVE;
				CLANG_WARN_UNREACHABLE_CODE = YES;
				CLANG_WARN__DUPLICATE_METHOD_MATCH = YES;
				COPY_PHASE_STRIP = NO;
				DEBUG_INFORMATION_FORMAT = dwarf;
				ENABLE_STRICT_OBJC_MSGSEND = YES;
				ENABLE_TESTABILITY = YES;
				GCC_C_LANGUAGE_STANDARD = gnu11;
				GCC_DYNAMIC_NO_PIC = NO;
				GCC_NO_COMMON_BLOCKS = YES;
				GCC_OPTIMIZATION_LEVEL = 0;
				GCC_PREPROCESSOR_DEFINITIONS = (
					"DEBUG=1",
					"$(inherited)",
				);
				GCC_WARN_64_TO_32_BIT_CONVERSION = YES;
				GCC_WARN_ABOUT_RETURN_TYPE = YES_ERROR;
				GCC_WARN_UNDECLARED_SELECTOR = YES;
				GCC_WARN_UNINITIALIZED_AUTOS = YES_AGGRESSIVE;
				GCC_WARN_UNUSED_FUNCTION = YES;
				GCC_WARN_UNUSED_VARIABLE = YES;
				IPHONEOS_DEPLOYMENT_TARGET = 14.1;
				MTL_ENABLE_DEBUG_INFO = INCLUDE_SOURCE;
				MTL_FAST_MATH = YES;
				ONLY_ACTIVE_ARCH = YES;
				SDKROOT = iphoneos;
				SWIFT_ACTIVE_COMPILATION_CONDITIONS = DEBUG;
				SWIFT_OPTIMIZATION_LEVEL = "-Onone";
			};
			name = Debug;
		};
		366D2EA1273924FC00702287 /* Release */ = {
			isa = XCBuildConfiguration;
			buildSettings = {
				ALWAYS_SEARCH_USER_PATHS = NO;
				CLANG_ANALYZER_NONNULL = YES;
				CLANG_ANALYZER_NUMBER_OBJECT_CONVERSION = YES_AGGRESSIVE;
				CLANG_CXX_LANGUAGE_STANDARD = "gnu++14";
				CLANG_CXX_LIBRARY = "libc++";
				CLANG_ENABLE_MODULES = YES;
				CLANG_ENABLE_OBJC_ARC = YES;
				CLANG_ENABLE_OBJC_WEAK = YES;
				CLANG_WARN_BLOCK_CAPTURE_AUTORELEASING = YES;
				CLANG_WARN_BOOL_CONVERSION = YES;
				CLANG_WARN_COMMA = YES;
				CLANG_WARN_CONSTANT_CONVERSION = YES;
				CLANG_WARN_DEPRECATED_OBJC_IMPLEMENTATIONS = YES;
				CLANG_WARN_DIRECT_OBJC_ISA_USAGE = YES_ERROR;
				CLANG_WARN_DOCUMENTATION_COMMENTS = YES;
				CLANG_WARN_EMPTY_BODY = YES;
				CLANG_WARN_ENUM_CONVERSION = YES;
				CLANG_WARN_INFINITE_RECURSION = YES;
				CLANG_WARN_INT_CONVERSION = YES;
				CLANG_WARN_NON_LITERAL_NULL_CONVERSION = YES;
				CLANG_WARN_OBJC_IMPLICIT_RETAIN_SELF = YES;
				CLANG_WARN_OBJC_LITERAL_CONVERSION = YES;
				CLANG_WARN_OBJC_ROOT_CLASS = YES_ERROR;
				CLANG_WARN_QUOTED_INCLUDE_IN_FRAMEWORK_HEADER = YES;
				CLANG_WARN_RANGE_LOOP_ANALYSIS = YES;
				CLANG_WARN_STRICT_PROTOTYPES = YES;
				CLANG_WARN_SUSPICIOUS_MOVE = YES;
				CLANG_WARN_UNGUARDED_AVAILABILITY = YES_AGGRESSIVE;
				CLANG_WARN_UNREACHABLE_CODE = YES;
				CLANG_WARN__DUPLICATE_METHOD_MATCH = YES;
				COPY_PHASE_STRIP = NO;
				DEBUG_INFORMATION_FORMAT = "dwarf-with-dsym";
				ENABLE_NS_ASSERTIONS = NO;
				ENABLE_STRICT_OBJC_MSGSEND = YES;
				GCC_C_LANGUAGE_STANDARD = gnu11;
				GCC_NO_COMMON_BLOCKS = YES;
				GCC_WARN_64_TO_32_BIT_CONVERSION = YES;
				GCC_WARN_ABOUT_RETURN_TYPE = YES_ERROR;
				GCC_WARN_UNDECLARED_SELECTOR = YES;
				GCC_WARN_UNINITIALIZED_AUTOS = YES_AGGRESSIVE;
				GCC_WARN_UNUSED_FUNCTION = YES;
				GCC_WARN_UNUSED_VARIABLE = YES;
				IPHONEOS_DEPLOYMENT_TARGET = 14.1;
				MTL_ENABLE_DEBUG_INFO = NO;
				MTL_FAST_MATH = YES;
				SDKROOT = iphoneos;
				SWIFT_COMPILATION_MODE = wholemodule;
				SWIFT_OPTIMIZATION_LEVEL = "-O";
				VALIDATE_PRODUCT = YES;
			};
			name = Release;
		};
		366D2EA3273924FC00702287 /* Debug */ = {
			isa = XCBuildConfiguration;
			buildSettings = {
				ASSETCATALOG_COMPILER_APPICON_NAME = AppIcon;
				ASSETCATALOG_COMPILER_GLOBAL_ACCENT_COLOR_NAME = AccentColor;
				CODE_SIGN_STYLE = Automatic;
				DEVELOPMENT_TEAM = 3N442V95M6;
				INFOPLIST_FILE = XJHeartLighting/Info.plist;
				LD_RUNPATH_SEARCH_PATHS = (
					"$(inherited)",
					"@executable_path/Frameworks",
				);
				PRODUCT_BUNDLE_IDENTIFIER = com.xj.heartlighting;
				PRODUCT_NAME = "$(TARGET_NAME)";
				SWIFT_VERSION = 5.0;
				TARGETED_DEVICE_FAMILY = "1,2";
			};
			name = Debug;
		};
		366D2EA4273924FC00702287 /* Release */ = {
			isa = XCBuildConfiguration;
			buildSettings = {
				ASSETCATALOG_COMPILER_APPICON_NAME = AppIcon;
				ASSETCATALOG_COMPILER_GLOBAL_ACCENT_COLOR_NAME = AccentColor;
				CODE_SIGN_STYLE = Automatic;
				DEVELOPMENT_TEAM = 3N442V95M6;
				INFOPLIST_FILE = XJHeartLighting/Info.plist;
				LD_RUNPATH_SEARCH_PATHS = (
					"$(inherited)",
					"@executable_path/Frameworks",
				);
				PRODUCT_BUNDLE_IDENTIFIER = com.xj.heartlighting;
				PRODUCT_NAME = "$(TARGET_NAME)";
				SWIFT_VERSION = 5.0;
				TARGETED_DEVICE_FAMILY = "1,2";
			};
			name = Release;
		};
/* End XCBuildConfiguration section */

/* Begin XCConfigurationList section */
		366D2E89273924F600702287 /* Build configuration list for PBXProject "XJHeartLighting" */ = {
			isa = XCConfigurationList;
			buildConfigurations = (
				366D2EA0273924FC00702287 /* Debug */,
				366D2EA1273924FC00702287 /* Release */,
			);
			defaultConfigurationIsVisible = 0;
			defaultConfigurationName = Release;
		};
		366D2EA2273924FC00702287 /* Build configuration list for PBXNativeTarget "XJHeartLighting" */ = {
			isa = XCConfigurationList;
			buildConfigurations = (
				366D2EA3273924FC00702287 /* Debug */,
				366D2EA4273924FC00702287 /* Release */,
			);
			defaultConfigurationIsVisible = 0;
			defaultConfigurationName = Release;
		};
/* End XCConfigurationList section */
	};
	rootObject = 366D2E86273924F600702287 /* Project object */;
}
